
Microsoft Visual Studio Solution File, Format Version 12.00
# Visual Studio Version 16
VisualStudioVersion = 16.0.29403.142
MinimumVisualStudioVersion = 10.0.40219.1
Project("{FAE04EC0-301F-11D3-BF4B-00C04F79EFBC}") = "EasySharp", "EasySharp\EasySharp.csproj", "{60F73730-7250-44F6-B278-810CF4787F12}"
EndProject
Project("{FAE04EC0-301F-11D3-BF4B-00C04F79EFBC}") = "StructsGenerator", "StructsGenerator\StructsGenerator.csproj", "{9AF63A54-FCC3-416E-AF7B-EA44D9E04C5F}"
EndProject
Project("{8BC9CEB8-8B4A-11D0-8D11-00A0C91BC942}") = "Injector", "Injector\Injector.vcxproj", "{5161E921-0BDC-4B30-9EFD-2006CEB4643E}"
EndProject
Global
	GlobalSection(SolutionConfigurationPlatforms) = preSolution
		Debug|Any CPU = Debug|Any CPU
		Debug|x64 = Debug|x64
		Debug|x86 = Debug|x86
		Release|Any CPU = Release|Any CPU
		Release|x64 = Release|x64
		Release|x86 = Release|x86
	EndGlobalSection
	GlobalSection(ProjectConfigurationPlatforms) = postSolution
		{60F73730-7250-44F6-B278-810CF4787F12}.Debug|Any CPU.ActiveCfg = Debug|Any CPU
		{60F73730-7250-44F6-B278-810CF4787F12}.Debug|Any CPU.Build.0 = Debug|Any CPU
		{60F73730-7250-44F6-B278-810CF4787F12}.Debug|x64.ActiveCfg = Debug|Any CPU
		{60F73730-7250-44F6-B278-810CF4787F12}.Debug|x64.Build.0 = Debug|Any CPU
		{60F73730-7250-44F6-B278-810CF4787F12}.Debug|x86.ActiveCfg = Debug|Any CPU
		{60F73730-7250-44F6-B278-810CF4787F12}.Debug|x86.Build.0 = Debug|Any CPU
		{60F73730-7250-44F6-B278-810CF4787F12}.Release|Any CPU.ActiveCfg = Release|Any CPU
		{60F73730-7250-44F6-B278-810CF4787F12}.Release|Any CPU.Build.0 = Release|Any CPU
		{60F73730-7250-44F6-B278-810CF4787F12}.Release|x64.ActiveCfg = Release|Any CPU
		{60F73730-7250-44F6-B278-810CF4787F12}.Release|x64.Build.0 = Release|Any CPU
		{60F73730-7250-44F6-B278-810CF4787F12}.Release|x86.ActiveCfg = Release|Any CPU
		{60F73730-7250-44F6-B278-810CF4787F12}.Release|x86.Build.0 = Release|Any CPU
		{9AF63A54-FCC3-416E-AF7B-EA44D9E04C5F}.Debug|Any CPU.ActiveCfg = Debug|Any CPU
		{9AF63A54-FCC3-416E-AF7B-EA44D9E04C5F}.Debug|Any CPU.Build.0 = Debug|Any CPU
		{9AF63A54-FCC3-416E-AF7B-EA44D9E04C5F}.Debug|x64.ActiveCfg = Debug|Any CPU
		{9AF63A54-FCC3-416E-AF7B-EA44D9E04C5F}.Debug|x64.Build.0 = Debug|Any CPU
		{9AF63A54-FCC3-416E-AF7B-EA44D9E04C5F}.Debug|x86.ActiveCfg = Debug|Any CPU
		{9AF63A54-FCC3-416E-AF7B-EA44D9E04C5F}.Debug|x86.Build.0 = Debug|Any CPU
		{9AF63A54-FCC3-416E-AF7B-EA44D9E04C5F}.Release|Any CPU.ActiveCfg = Release|Any CPU
		{9AF63A54-FCC3-416E-AF7B-EA44D9E04C5F}.Release|Any CPU.Build.0 = Release|Any CPU
		{9AF63A54-FCC3-416E-AF7B-EA44D9E04C5F}.Release|x64.ActiveCfg = Release|Any CPU
		{9AF63A54-FCC3-416E-AF7B-EA44D9E04C5F}.Release|x64.Build.0 = Release|Any CPU
		{9AF63A54-FCC3-416E-AF7B-EA44D9E04C5F}.Release|x86.ActiveCfg = Release|Any CPU
		{9AF63A54-FCC3-416E-AF7B-EA44D9E04C5F}.Release|x86.Build.0 = Release|Any CPU
		{5161E921-0BDC-4B30-9EFD-2006CEB4643E}.Debug|Any CPU.ActiveCfg = Debug|Win32
		{5161E921-0BDC-4B30-9EFD-2006CEB4643E}.Debug|Any CPU.Build.0 = Debug|Win32
		{5161E921-0BDC-4B30-9EFD-2006CEB4643E}.Debug|x64.ActiveCfg = Debug|x64
		{5161E921-0BDC-4B30-9EFD-2006CEB4643E}.Debug|x64.Build.0 = Debug|x64
		{5161E921-0BDC-4B30-9EFD-2006CEB4643E}.Debug|x86.ActiveCfg = Debug|Win32
		{5161E921-0BDC-4B30-9EFD-2006CEB4643E}.Debug|x86.Build.0 = Debug|Win32
		{5161E921-0BDC-4B30-9EFD-2006CEB4643E}.Release|Any CPU.ActiveCfg = Release|Win32
		{5161E921-0BDC-4B30-9EFD-2006CEB4643E}.Release|x64.ActiveCfg = Release|x64
		{5161E921-0BDC-4B30-9EFD-2006CEB4643E}.Release|x64.Build.0 = Release|x64
		{5161E921-0BDC-4B30-9EFD-2006CEB4643E}.Release|x86.ActiveCfg = Release|Win32
		{5161E921-0BDC-4B30-9EFD-2006CEB4643E}.Release|x86.Build.0 = Release|Win32
	EndGlobalSection
	GlobalSection(SolutionProperties) = preSolution
		HideSolutionNode = FALSE
	EndGlobalSection
	GlobalSection(ExtensibilityGlobals) = postSolution
		SolutionGuid = {9E09A9F8-9B44-4097-95D8-FBE143D41A86}
	EndGlobalSection
EndGlobal
